
Microsoft Visual Studio Solution File, Format Version 12.00
# Visual Studio Version 17
VisualStudioVersion = 17.5.33530.505
MinimumVisualStudioVersion = 10.0.40219.1
Project("{FAE04EC0-301F-11D3-BF4B-00C04F79EFBC}") = "SOM", "SOM.csproj", "{BA1F01F0-853B-4FA0-BA47-236FA9705B63}"
EndProject
Project("{54435603-DBB4-11D2-8724-00A0C9A8B90C}") = "SOM_Setup", "..\SOM_Setup\SOM_Setup.vdproj", "{40E14B40-98E5-40FB-BC30-A63C4F340CF8}"
EndProject
Global
	GlobalSection(SolutionConfigurationPlatforms) = preSolution
		Debug|Any CPU = Debug|Any CPU
		Release|Any CPU = Release|Any CPU
	EndGlobalSection
	GlobalSection(ProjectConfigurationPlatforms) = postSolution
		{BA1F01F0-853B-4FA0-BA47-236FA9705B63}.Debug|Any CPU.ActiveCfg = Debug|Any CPU
		{BA1F01F0-853B-4FA0-BA47-236FA9705B63}.Debug|Any CPU.Build.0 = Debug|Any CPU
		{BA1F01F0-853B-4FA0-BA47-236FA9705B63}.Release|Any CPU.ActiveCfg = Release|Any CPU
		{BA1F01F0-853B-4FA0-BA47-236FA9705B63}.Release|Any CPU.Build.0 = Release|Any CPU
		{40E14B40-98E5-40FB-BC30-A63C4F340CF8}.Debug|Any CPU.ActiveCfg = Debug
		{40E14B40-98E5-40FB-BC30-A63C4F340CF8}.Release|Any CPU.ActiveCfg = Release
	EndGlobalSection
	GlobalSection(SolutionProperties) = preSolution
		HideSolutionNode = FALSE
	EndGlobalSection
	GlobalSection(ExtensibilityGlobals) = postSolution
		SolutionGuid = {787D0BD8-D7A6-4F56-AEC2-00CD07F53688}
	EndGlobalSection
EndGlobal
